{
  "markbot": "e3d7eeed6d779381e92c078a2900df5531bb092f01d996a053e46c24d4d4affd",
  "markbotignore": "030a4e6e1b3b6b510514a7ae54576e2c2ef762d56236c6414ef634955d96a126",
  "index-608.png": "bd6ab6dff79c3f5d36cac3332b2a4b79447ff7baa2188aa47de75edbee4a4c9c",
  "index-960.png": "49316b926aa09bdfb15efcbf7faab10b93f1fbcb77ce2fd7bf4c808aac363e3b",
  "index-1440.png": "517827de460e24b20b612027a41909b10755a600cdd0f047ce46184cd3e3e7eb"
}